
Microsoft Visual Studio Solution File, Format Version 12.00
# Visual Studio Version 16
VisualStudioVersion = 16.0.31729.503
MinimumVisualStudioVersion = 10.0.40219.1
Project("{9A19103F-16F7-4668-BE54-9A1E7A4F7556}") = "Calculator", "Calculator\Calculator.csproj", "{528F7BF9-8FC3-4A1B-B078-192DE70377BA}"
EndProject
Project("{FAE04EC0-301F-11D3-BF4B-00C04F79EFBC}") = "CalculatorLibrary", "CalculatorLibrary\CalculatorLibrary.csproj", "{2B568BDC-8422-45A6-ACB0-45DDCABF03B6}"
EndProject
Global
	GlobalSection(SolutionConfigurationPlatforms) = preSolution
		Debug|Any CPU = Debug|Any CPU
		Release|Any CPU = Release|Any CPU
	EndGlobalSection
	GlobalSection(ProjectConfigurationPlatforms) = postSolution
		{528F7BF9-8FC3-4A1B-B078-192DE70377BA}.Debug|Any CPU.ActiveCfg = Debug|Any CPU
		{528F7BF9-8FC3-4A1B-B078-192DE70377BA}.Debug|Any CPU.Build.0 = Debug|Any CPU
		{528F7BF9-8FC3-4A1B-B078-192DE70377BA}.Release|Any CPU.ActiveCfg = Release|Any CPU
		{528F7BF9-8FC3-4A1B-B078-192DE70377BA}.Release|Any CPU.Build.0 = Release|Any CPU
		{2B568BDC-8422-45A6-ACB0-45DDCABF03B6}.Debug|Any CPU.ActiveCfg = Debug|Any CPU
		{2B568BDC-8422-45A6-ACB0-45DDCABF03B6}.Debug|Any CPU.Build.0 = Debug|Any CPU
		{2B568BDC-8422-45A6-ACB0-45DDCABF03B6}.Release|Any CPU.ActiveCfg = Release|Any CPU
		{2B568BDC-8422-45A6-ACB0-45DDCABF03B6}.Release|Any CPU.Build.0 = Release|Any CPU
	EndGlobalSection
	GlobalSection(SolutionProperties) = preSolution
		HideSolutionNode = FALSE
	EndGlobalSection
	GlobalSection(ExtensibilityGlobals) = postSolution
		SolutionGuid = {6A7F8621-06F4-437F-A670-04919C7321DD}
	EndGlobalSection
EndGlobal
